
Microsoft Visual Studio Solution File, Format Version 12.00
# Visual Studio 14
VisualStudioVersion = 14.0.24720.0
MinimumVisualStudioVersion = 10.0.40219.1
Project("{2150E333-8FDC-42A3-9474-1A3956D46DE8}") = "src", "src", "{55191623-9E63-4D08-A294-4A69FB9C4FB4}"
EndProject
Project("{2150E333-8FDC-42A3-9474-1A3956D46DE8}") = "Solution Items", "Solution Items", "{F5F42DCC-C4D4-4104-9AE6-BFA0248A8C23}"
	ProjectSection(SolutionItems) = preProject
		global.json = global.json
	EndProjectSection
EndProject
Project("{8BB2217D-0F2D-49D1-97BC-3654ED321F3B}") = "PopcornTimeOnline", "src\PopcornTimeOnline\PopcornTimeOnline.xproj", "{5F61DE51-59B7-4728-9FA0-C1BE56142A0E}"
EndProject
Global
	GlobalSection(SolutionConfigurationPlatforms) = preSolution
		Debug|Any CPU = Debug|Any CPU
		Release|Any CPU = Release|Any CPU
	EndGlobalSection
	GlobalSection(ProjectConfigurationPlatforms) = postSolution
		{5F61DE51-59B7-4728-9FA0-C1BE56142A0E}.Debug|Any CPU.ActiveCfg = Debug|Any CPU
		{5F61DE51-59B7-4728-9FA0-C1BE56142A0E}.Debug|Any CPU.Build.0 = Debug|Any CPU
		{5F61DE51-59B7-4728-9FA0-C1BE56142A0E}.Release|Any CPU.ActiveCfg = Release|Any CPU
		{5F61DE51-59B7-4728-9FA0-C1BE56142A0E}.Release|Any CPU.Build.0 = Release|Any CPU
	EndGlobalSection
	GlobalSection(SolutionProperties) = preSolution
		HideSolutionNode = FALSE
	EndGlobalSection
	GlobalSection(NestedProjects) = preSolution
		{5F61DE51-59B7-4728-9FA0-C1BE56142A0E} = {55191623-9E63-4D08-A294-4A69FB9C4FB4}
	EndGlobalSection
EndGlobal
